
Microsoft Visual Studio Solution File, Format Version 12.00
# Visual Studio Version 16
VisualStudioVersion = 16.0.31529.145
MinimumVisualStudioVersion = 10.0.40219.1
Project("{FAE04EC0-301F-11D3-BF4B-00C04F79EFBC}") = "AngularDotNetCorePipeline", "AngularDotNetCorePipeline\AngularDotNetCorePipeline.csproj", "{AC6CDE0B-9CDB-479B-8A15-DA222DFA1147}"
EndProject
Global
	GlobalSection(SolutionConfigurationPlatforms) = preSolution
		Debug|Any CPU = Debug|Any CPU
		Release|Any CPU = Release|Any CPU
	EndGlobalSection
	GlobalSection(ProjectConfigurationPlatforms) = postSolution
		{AC6CDE0B-9CDB-479B-8A15-DA222DFA1147}.Debug|Any CPU.ActiveCfg = Debug|Any CPU
		{AC6CDE0B-9CDB-479B-8A15-DA222DFA1147}.Debug|Any CPU.Build.0 = Debug|Any CPU
		{AC6CDE0B-9CDB-479B-8A15-DA222DFA1147}.Release|Any CPU.ActiveCfg = Release|Any CPU
		{AC6CDE0B-9CDB-479B-8A15-DA222DFA1147}.Release|Any CPU.Build.0 = Release|Any CPU
	EndGlobalSection
	GlobalSection(SolutionProperties) = preSolution
		HideSolutionNode = FALSE
	EndGlobalSection
	GlobalSection(ExtensibilityGlobals) = postSolution
		SolutionGuid = {F8DB1143-257A-4409-986C-5B815C8727F3}
	EndGlobalSection
EndGlobal
